Microsoft Visual Studio Solution File, Format Version 12.00
# Visual Studio Version 17
VisualStudioVersion = 17.5.2.0
MinimumVisualStudioVersion = 10.0.40219.1
Project("{FAE04EC0-301F-11D3-BF4B-00C04F79EFBC}") = "UserSystem", "UserSystem.csproj", "{DA823178-6372-19A1-D453-FFD3337EFF1A}"
EndProject
Global
	GlobalSection(SolutionConfigurationPlatforms) = preSolution
		Debug|Any CPU = Debug|Any CPU
		Release|Any CPU = Release|Any CPU
	EndGlobalSection
	GlobalSection(ProjectConfigurationPlatforms) = postSolution
		{DA823178-6372-19A1-D453-FFD3337EFF1A}.Debug|Any CPU.ActiveCfg = Debug|Any CPU
		{DA823178-6372-19A1-D453-FFD3337EFF1A}.Debug|Any CPU.Build.0 = Debug|Any CPU
		{DA823178-6372-19A1-D453-FFD3337EFF1A}.Release|Any CPU.ActiveCfg = Release|Any CPU
		{DA823178-6372-19A1-D453-FFD3337EFF1A}.Release|Any CPU.Build.0 = Release|Any CPU
	EndGlobalSection
	GlobalSection(SolutionProperties) = preSolution
		HideSolutionNode = FALSE
	EndGlobalSection
	GlobalSection(ExtensibilityGlobals) = postSolution
		SolutionGuid = {E33440CA-68DB-4DDC-9813-A1FD7461C3DD}
	EndGlobalSection
EndGlobal
